PODS:
  - Flutter (1.0.0)
  - flutter_vlc_player (3.0.2):
    - Flutter
    - MobileVLCKit (~> 3.3.15)
  - gallery_saver (0.0.1):
    - Flutter
  - MobileVLCKit (3.3.16.3)
  - path_provider (0.0.1):
    - Flutter
  - "permission_handler (5.1.0+2)":
    - Flutter
  - shared_preferences (0.0.1):
    - Flutter
  - vibration (1.7.4-nullsafety.0):
    - Flutter

DEPENDENCIES:
  - Flutter (from `Flutter`)
  - flutter_vlc_player (from `.symlinks/plugins/flutter_vlc_player/ios`)
  - gallery_saver (from `.symlinks/plugins/gallery_saver/ios`)
  - path_provider (from `.symlinks/plugins/path_provider/ios`)
  - permission_handler (from `.symlinks/plugins/permission_handler/ios`)
  - shared_preferences (from `.symlinks/plugins/shared_preferences/ios`)
  - vibration (from `.symlinks/plugins/vibration/ios`)

SPEC REPOS:
  trunk:
    - MobileVLCKit

EXTERNAL SOURCES:
  Flutter:
    :path: Flutter
  flutter_vlc_player:
    :path: ".symlinks/plugins/flutter_vlc_player/ios"
  gallery_saver:
    :path: ".symlinks/plugins/gallery_saver/ios"
  path_provider:
    :path: ".symlinks/plugins/path_provider/ios"
  permission_handler:
    :path: ".symlinks/plugins/permission_handler/ios"
  shared_preferences:
    :path: ".symlinks/plugins/shared_preferences/ios"
  vibration:
    :path: ".symlinks/plugins/vibration/ios"

SPEC CHECKSUMS:
  Flutter: 434fef37c0980e73bb6479ef766c45957d4b510c
  flutter_vlc_player: bb2059d1a5833e695ec30a25864336baf065fd9f
  gallery_saver: 9fc173c9f4fcc48af53b2a9ebea1b643255be542
  MobileVLCKit: 2b408a9c5cc327353afab418fafbc942780b248a
  path_provider: abfe2b5c733d04e238b0d8691db0cfd63a27a93c
  permission_handler: ccb20a9fad0ee9b1314a52b70b76b473c5f8dab0
  shared_preferences: af6bfa751691cdc24be3045c43ec037377ada40d
  vibration: 1ec279c4a1a7a646627b54039d812334b3f1114a

PODFILE CHECKSUM: ffd7293eb7d5907b54a367fd400872baeef513a5

COCOAPODS: 1.10.1
